
Microsoft Visual Studio Solution File, Format Version 12.00
# Visual Studio Version 16
VisualStudioVersion = 16.0.28803.452
MinimumVisualStudioVersion = 10.0.40219.1
Project("{FAE04EC0-301F-11D3-BF4B-00C04F79EFBC}") = "HomeSwitchHome", "HomeSwitchHome\HomeSwitchHome.csproj", "{C24C7CE7-D97C-49AF-B29C-56344F4DDA13}"
EndProject
Global
	GlobalSection(SolutionConfigurationPlatforms) = preSolution
		Debug|Any CPU = Debug|Any CPU
		Release|Any CPU = Release|Any CPU
	EndGlobalSection
	GlobalSection(ProjectConfigurationPlatforms) = postSolution
		{C24C7CE7-D97C-49AF-B29C-56344F4DDA13}.Debug|Any CPU.ActiveCfg = Debug|Any CPU
		{C24C7CE7-D97C-49AF-B29C-56344F4DDA13}.Debug|Any CPU.Build.0 = Debug|Any CPU
		{C24C7CE7-D97C-49AF-B29C-56344F4DDA13}.Release|Any CPU.ActiveCfg = Release|Any CPU
		{C24C7CE7-D97C-49AF-B29C-56344F4DDA13}.Release|Any CPU.Build.0 = Release|Any CPU
	EndGlobalSection
	GlobalSection(SolutionProperties) = preSolution
		HideSolutionNode = FALSE
	EndGlobalSection
	GlobalSection(ExtensibilityGlobals) = postSolution
		SolutionGuid = {8A0C3D83-349F-4ABC-A635-B9011687CC4D}
	EndGlobalSection
EndGlobal
